
Microsoft Visual Studio Solution File, Format Version 12.00
# Visual Studio Version 17
VisualStudioVersion = 17.14.36221.1
MinimumVisualStudioVersion = 10.0.40219.1
Project("{FAE04EC0-301F-11D3-BF4B-00C04F79EFBC}") = "MANDUU", "MANDUU\MANDUU.csproj", "{8297D987-E0A2-46F1-B37C-38FF4A2445D5}"
EndProject
Global
	GlobalSection(SolutionConfigurationPlatforms) = preSolution
		Debug|Any CPU = Debug|Any CPU
		Release|Any CPU = Release|Any CPU
	EndGlobalSection
	GlobalSection(ProjectConfigurationPlatforms) = postSolution
		{8297D987-E0A2-46F1-B37C-38FF4A2445D5}.Debug|Any CPU.ActiveCfg = Debug|Any CPU
		{8297D987-E0A2-46F1-B37C-38FF4A2445D5}.Debug|Any CPU.Build.0 = Debug|Any CPU
		{8297D987-E0A2-46F1-B37C-38FF4A2445D5}.Debug|Any CPU.Deploy.0 = Debug|Any CPU
		{8297D987-E0A2-46F1-B37C-38FF4A2445D5}.Release|Any CPU.ActiveCfg = Release|Any CPU
		{8297D987-E0A2-46F1-B37C-38FF4A2445D5}.Release|Any CPU.Build.0 = Release|Any CPU
	EndGlobalSection
	GlobalSection(SolutionProperties) = preSolution
		HideSolutionNode = FALSE
	EndGlobalSection
	GlobalSection(ExtensibilityGlobals) = postSolution
		SolutionGuid = {F55D848C-7CF8-413E-9711-1383E04EF2B3}
	EndGlobalSection
EndGlobal
